// !$*UTF8*$!
{
	archiveVersion = 1;
	classes = {
	};
	objectVersion = 50;
	objects = {

/* Begin PBXBuildFile section */
		A7880FBB223946E40095D54A /* AppDelegate.swift in Sources */ = {isa = PBXBuildFile; fileRef = A7880FBA223946E40095D54A /* AppDelegate.swift */; };
		A7880FBD223946E40095D54A /* ViewController.swift in Sources */ = {isa = PBXBuildFile; fileRef = A7880FBC223946E40095D54A /* ViewController.swift */; };
		A7880FC0223946E40095D54A /* Main.storyboard in Resources */ = {isa = PBXBuildFile; fileRef = A7880FBE223946E40095D54A /* Main.storyboard */; };
		A7880FC2223946E60095D54A /* Assets.xcassets in Resources */ = {isa = PBXBuildFile; fileRef = A7880FC1223946E60095D54A /* Assets.xcassets */; };
		A7880FC5223946E60095D54A /* LaunchScreen.storyboard in Resources */ = {isa = PBXBuildFile; fileRef = A7880FC3223946E60095D54A /* LaunchScreen.storyboard */; };
		A7880FCD22394A770095D54A /* FishingTrip.swift in Sources */ = {isa = PBXBuildFile; fileRef = A7880FCC22394A770095D54A /* FishingTrip.swift */; };
		A7880FCF22394AD20095D54A /* NetworkManager.swift in Sources */ = {isa = PBXBuildFile; fileRef = A7880FCE22394AD20095D54A /* NetworkManager.swift */; };
		A7880FD122394D600095D54A /* NetworkError.swift in Sources */ = {isa = PBXBuildFile; fileRef = A7880FD022394D600095D54A /* NetworkError.swift */; };
		A7880FD322394E5A0095D54A /* FishingTripController.swift in Sources */ = {isa = PBXBuildFile; fileRef = A7880FD222394E5A0095D54A /* FishingTripController.swift */; };
		A7880FD5223950A30095D54A /* FishingTypeCell.swift in Sources */ = {isa = PBXBuildFile; fileRef = A7880FD4223950A30095D54A /* FishingTypeCell.swift */; };
		A7880FD7223951FF0095D54A /* FishFilter.swift in Sources */ = {isa = PBXBuildFile; fileRef = A7880FD6223951FF0095D54A /* FishFilter.swift */; };
		A7880FD92239701F0095D54A /* MonthViewController.swift in Sources */ = {isa = PBXBuildFile; fileRef = A7880FD82239701F0095D54A /* MonthViewController.swift */; };
		A7880FDB223982D30095D54A /* EmailController.swift in Sources */ = {isa = PBXBuildFile; fileRef = A7880FDA223982D30095D54A /* EmailController.swift */; };
/* End PBXBuildFile section */

/* Begin PBXFileReference section */
		A7880FB7223946E40095D54A /* LiquidFishInterview.app */ = {isa = PBXFileReference; explicitFileType = wrapper.application; includeInIndex = 0; path = LiquidFishInterview.app; sourceTree = BUILT_PRODUCTS_DIR; };
		A7880FBA223946E40095D54A /* AppDelegate.swift */ = {isa = PBXFileReference; lastKnownFileType = sourcecode.swift; path = AppDelegate.swift; sourceTree = "<group>"; };
		A7880FBC223946E40095D54A /* ViewController.swift */ = {isa = PBXFileReference; lastKnownFileType = sourcecode.swift; path = ViewController.swift; sourceTree = "<group>"; };
		A7880FBF223946E40095D54A /* Base */ = {isa = PBXFileReference; lastKnownFileType = file.storyboard; name = Base; path = Base.lproj/Main.storyboard; sourceTree = "<group>"; };
		A7880FC1223946E60095D54A /* Assets.xcassets */ = {isa = PBXFileReference; lastKnownFileType = folder.assetcatalog; path = Assets.xcassets; sourceTree = "<group>"; };
		A7880FC4223946E60095D54A /* Base */ = {isa = PBXFileReference; lastKnownFileType = file.storyboard; name = Base; path = Base.lproj/LaunchScreen.storyboard; sourceTree = "<group>"; };
		A7880FC6223946E60095D54A /* Info.plist */ = {isa = PBXFileReference; lastKnownFileType = text.plist.xml; path = Info.plist; sourceTree = "<group>"; };
		A7880FCC22394A770095D54A /* FishingTrip.swift */ = {isa = PBXFileReference; lastKnownFileType = sourcecode.swift; path = FishingTrip.swift; sourceTree = "<group>"; };
		A7880FCE22394AD20095D54A /* NetworkManager.swift */ = {isa = PBXFileReference; lastKnownFileType = sourcecode.swift; path = NetworkManager.swift; sourceTree = "<group>"; };
		A7880FD022394D600095D54A /* NetworkError.swift */ = {isa = PBXFileReference; lastKnownFileType = sourcecode.swift; path = NetworkError.swift; sourceTree = "<group>"; };
		A7880FD222394E5A0095D54A /* FishingTripController.swift */ = {isa = PBXFileReference; lastKnownFileType = sourcecode.swift; path = FishingTripController.swift; sourceTree = "<group>"; };
		A7880FD4223950A30095D54A /* FishingTypeCell.swift */ = {isa = PBXFileReference; lastKnownFileType = sourcecode.swift; path = FishingTypeCell.swift; sourceTree = "<group>"; };
		A7880FD6223951FF0095D54A /* FishFilter.swift */ = {isa = PBXFileReference; lastKnownFileType = sourcecode.swift; path = FishFilter.swift; sourceTree = "<group>"; };
		A7880FD82239701F0095D54A /* MonthViewController.swift */ = {isa = PBXFileReference; lastKnownFileType = sourcecode.swift; path = MonthViewController.swift; sourceTree = "<group>"; };
		A7880FDA223982D30095D54A /* EmailController.swift */ = {isa = PBXFileReference; lastKnownFileType = sourcecode.swift; path = EmailController.swift; sourceTree = "<group>"; };
/* End PBXFileReference section */

/* Begin PBXFrameworksBuildPhase section */
		A7880FB4223946E40095D54A /* Frameworks */ = {
			isa = PBXFrameworksBuildPhase;
			buildActionMask = 2147483647;
			files = (
			);
			runOnlyForDeploymentPostprocessing = 0;
		};
/* End PBXFrameworksBuildPhase section */

/* Begin PBXGroup section */
		A7880FAE223946E40095D54A = {
			isa = PBXGroup;
			children = (
				A7880FB9223946E40095D54A /* LiquidFishInterview */,
				A7880FB8223946E40095D54A /* Products */,
			);
			sourceTree = "<group>";
		};
		A7880FB8223946E40095D54A /* Products */ = {
			isa = PBXGroup;
			children = (
				A7880FB7223946E40095D54A /* LiquidFishInterview.app */,
			);
			name = Products;
			sourceTree = "<group>";
		};
		A7880FB9223946E40095D54A /* LiquidFishInterview */ = {
			isa = PBXGroup;
			children = (
				A7880FBA223946E40095D54A /* AppDelegate.swift */,
				A7880FBC223946E40095D54A /* ViewController.swift */,
				A7880FD222394E5A0095D54A /* FishingTripController.swift */,
				A7880FD82239701F0095D54A /* MonthViewController.swift */,
				A7880FDA223982D30095D54A /* EmailController.swift */,
				A7880FD4223950A30095D54A /* FishingTypeCell.swift */,
				A7880FCC22394A770095D54A /* FishingTrip.swift */,
				A7880FD6223951FF0095D54A /* FishFilter.swift */,
				A7880FCE22394AD20095D54A /* NetworkManager.swift */,
				A7880FD022394D600095D54A /* NetworkError.swift */,
				A7880FBE223946E40095D54A /* Main.storyboard */,
				A7880FC1223946E60095D54A /* Assets.xcassets */,
				A7880FC3223946E60095D54A /* LaunchScreen.storyboard */,
				A7880FC6223946E60095D54A /* Info.plist */,
			);
			path = LiquidFishInterview;
			sourceTree = "<group>";
		};
/* End PBXGroup section */

/* Begin PBXNativeTarget section */
		A7880FB6223946E40095D54A /* LiquidFishInterview */ = {
			isa = PBXNativeTarget;
			buildConfigurationList = A7880FC9223946E60095D54A /* Build configuration list for PBXNativeTarget "LiquidFishInterview" */;
			buildPhases = (
				A7880FB3223946E40095D54A /* Sources */,
				A7880FB4223946E40095D54A /* Frameworks */,
				A7880FB5223946E40095D54A /* Resources */,
			);
			buildRules = (
			);
			dependencies = (
			);
			name = LiquidFishInterview;
			productName = LiquidFishInterview;
			productReference = A7880FB7223946E40095D54A /* LiquidFishInterview.app */;
			productType = "com.apple.product-type.application";
		};
/* End PBXNativeTarget section */

/* Begin PBXProject section */
		A7880FAF223946E40095D54A /* Project object */ = {
			isa = PBXProject;
			attributes = {
				LastSwiftUpdateCheck = 1010;
				LastUpgradeCheck = 1010;
				ORGANIZATIONNAME = "Garrett Votaw";
				TargetAttributes = {
					A7880FB6223946E40095D54A = {
						CreatedOnToolsVersion = 10.1;
					};
				};
			};
			buildConfigurationList = A7880FB2223946E40095D54A /* Build configuration list for PBXProject "LiquidFishInterview" */;
			compatibilityVersion = "Xcode 9.3";
			developmentRegion = en;
			hasScannedForEncodings = 0;
			knownRegions = (
				en,
				Base,
			);
			mainGroup = A7880FAE223946E40095D54A;
			productRefGroup = A7880FB8223946E40095D54A /* Products */;
			projectDirPath = "";
			projectRoot = "";
			targets = (
				A7880FB6223946E40095D54A /* LiquidFishInterview */,
			);
		};
/* End PBXProject section */

/* Begin PBXResourcesBuildPhase section */
		A7880FB5223946E40095D54A /* Resources */ = {
			isa = PBXResourcesBuildPhase;
			buildActionMask = 2147483647;
			files = (
				A7880FC5223946E60095D54A /* LaunchScreen.storyboard in Resources */,
				A7880FC2223946E60095D54A /* Assets.xcassets in Resources */,
				A7880FC0223946E40095D54A /* Main.storyboard in Resources */,
			);
			runOnlyForDeploymentPostprocessing = 0;
		};
/* End PBXResourcesBuildPhase section */

/* Begin PBXSourcesBuildPhase section */
		A7880FB3223946E40095D54A /* Sources */ = {
			isa = PBXSourcesBuildPhase;
			buildActionMask = 2147483647;
			files = (
				A7880FDB223982D30095D54A /* EmailController.swift in Sources */,
				A7880FCF22394AD20095D54A /* NetworkManager.swift in Sources */,
				A7880FBD223946E40095D54A /* ViewController.swift in Sources */,
				A7880FBB223946E40095D54A /* AppDelegate.swift in Sources */,
				A7880FD7223951FF0095D54A /* FishFilter.swift in Sources */,
				A7880FCD22394A770095D54A /* FishingTrip.swift in Sources */,
				A7880FD122394D600095D54A /* NetworkError.swift in Sources */,
				A7880FD5223950A30095D54A /* FishingTypeCell.swift in Sources */,
				A7880FD322394E5A0095D54A /* FishingTripController.swift in Sources */,
				A7880FD92239701F0095D54A /* MonthViewController.swift in Sources */,
			);
			runOnlyForDeploymentPostprocessing = 0;
		};
/* End PBXSourcesBuildPhase section */

/* Begin PBXVariantGroup section */
		A7880FBE223946E40095D54A /* Main.storyboard */ = {
			isa = PBXVariantGroup;
			children = (
				A7880FBF223946E40095D54A /* Base */,
			);
			name = Main.storyboard;
			sourceTree = "<group>";
		};
		A7880FC3223946E60095D54A /* LaunchScreen.storyboard */ = {
			isa = PBXVariantGroup;
			children = (
				A7880FC4223946E60095D54A /* Base */,
			);
			name = LaunchScreen.storyboard;
			sourceTree = "<group>";
		};
/* End PBXVariantGroup section */

/* Begin XCBuildConfiguration section */
		A7880FC7223946E60095D54A /* Debug */ = {
			isa = XCBuildConfiguration;
			buildSettings = {
				ALWAYS_SEARCH_USER_PATHS = NO;
				CLANG_ANALYZER_NONNULL = YES;
				CLANG_ANALYZER_NUMBER_OBJECT_CONVERSION = YES_AGGRESSIVE;
				CLANG_CXX_LANGUAGE_STANDARD = "gnu++14";
				CLANG_CXX_LIBRARY = "libc++";
				CLANG_ENABLE_MODULES = YES;
				CLANG_ENABLE_OBJC_ARC = YES;
				CLANG_ENABLE_OBJC_WEAK = YES;
				CLANG_WARN_BLOCK_CAPTURE_AUTORELEASING = YES;
				CLANG_WARN_BOOL_CONVERSION = YES;
				CLANG_WARN_COMMA = YES;
				CLANG_WARN_CONSTANT_CONVERSION = YES;
				CLANG_WARN_DEPRECATED_OBJC_IMPLEMENTATIONS = YES;
				CLANG_WARN_DIRECT_OBJC_ISA_USAGE = YES_ERROR;
				CLANG_WARN_DOCUMENTATION_COMMENTS = YES;
				CLANG_WARN_EMPTY_BODY = YES;
				CLANG_WARN_ENUM_CONVERSION = YES;
				CLANG_WARN_INFINITE_RECURSION = YES;
				CLANG_WARN_INT_CONVERSION = YES;
				CLANG_WARN_NON_LITERAL_NULL_CONVERSION = YES;
				CLANG_WARN_OBJC_IMPLICIT_RETAIN_SELF = YES;
				CLANG_WARN_OBJC_LITERAL_CONVERSION = YES;
				CLANG_WARN_OBJC_ROOT_CLASS = YES_ERROR;
				CLANG_WARN_RANGE_LOOP_ANALYSIS = YES;
				CLANG_WARN_STRICT_PROTOTYPES = YES;
				CLANG_WARN_SUSPICIOUS_MOVE = YES;
				CLANG_WARN_UNGUARDED_AVAILABILITY = YES_AGGRESSIVE;
				CLANG_WARN_UNREACHABLE_CODE = YES;
				CLANG_WARN__DUPLICATE_METHOD_MATCH = YES;
				CODE_SIGN_IDENTITY = "iPhone Developer";
				COPY_PHASE_STRIP = NO;
				DEBUG_INFORMATION_FORMAT = dwarf;
				ENABLE_STRICT_OBJC_MSGSEND = YES;
				ENABLE_TESTABILITY = YES;
				GCC_C_LANGUAGE_STANDARD = gnu11;
				GCC_DYNAMIC_NO_PIC = NO;
				GCC_NO_COMMON_BLOCKS = YES;
				GCC_OPTIMIZATION_LEVEL = 0;
				GCC_PREPROCESSOR_DEFINITIONS = (
					"DEBUG=1",
					"$(inherited)",
				);
				GCC_WARN_64_TO_32_BIT_CONVERSION = YES;
				GCC_WARN_ABOUT_RETURN_TYPE = YES_ERROR;
				GCC_WARN_UNDECLARED_SELECTOR = YES;
				GCC_WARN_UNINITIALIZED_AUTOS = YES_AGGRESSIVE;
				GCC_WARN_UNUSED_FUNCTION = YES;
				GCC_WARN_UNUSED_VARIABLE = YES;
				IPHONEOS_DEPLOYMENT_TARGET = 12.1;
				MTL_ENABLE_DEBUG_INFO = INCLUDE_SOURCE;
				MTL_FAST_MATH = YES;
				ONLY_ACTIVE_ARCH = YES;
				SDKROOT = iphoneos;
				SWIFT_ACTIVE_COMPILATION_CONDITIONS = DEBUG;
				SWIFT_OPTIMIZATION_LEVEL = "-Onone";
			};
			name = Debug;
		};
		A7880FC8223946E60095D54A /* Release */ = {
			isa = XCBuildConfiguration;
			buildSettings = {
				ALWAYS_SEARCH_USER_PATHS = NO;
				CLANG_ANALYZER_NONNULL = YES;
				CLANG_ANALYZER_NUMBER_OBJECT_CONVERSION = YES_AGGRESSIVE;
				CLANG_CXX_LANGUAGE_STANDARD = "gnu++14";
				CLANG_CXX_LIBRARY = "libc++";
				CLANG_ENABLE_MODULES = YES;
				CLANG_ENABLE_OBJC_ARC = YES;
				CLANG_ENABLE_OBJC_WEAK = YES;
				CLANG_WARN_BLOCK_CAPTURE_AUTORELEASING = YES;
				CLANG_WARN_BOOL_CONVERSION = YES;
				CLANG_WARN_COMMA = YES;
				CLANG_WARN_CONSTANT_CONVERSION = YES;
				CLANG_WARN_DEPRECATED_OBJC_IMPLEMENTATIONS = YES;
				CLANG_WARN_DIRECT_OBJC_ISA_USAGE = YES_ERROR;
				CLANG_WARN_DOCUMENTATION_COMMENTS = YES;
				CLANG_WARN_EMPTY_BODY = YES;
				CLANG_WARN_ENUM_CONVERSION = YES;
				CLANG_WARN_INFINITE_RECURSION = YES;
				CLANG_WARN_INT_CONVERSION = YES;
				CLANG_WARN_NON_LITERAL_NULL_CONVERSION = YES;
				CLANG_WARN_OBJC_IMPLICIT_RETAIN_SELF = YES;
				CLANG_WARN_OBJC_LITERAL_CONVERSION = YES;
				CLANG_WARN_OBJC_ROOT_CLASS = YES_ERROR;
				CLANG_WARN_RANGE_LOOP_ANALYSIS = YES;
				CLANG_WARN_STRICT_PROTOTYPES = YES;
				CLANG_WARN_SUSPICIOUS_MOVE = YES;
				CLANG_WARN_UNGUARDED_AVAILABILITY = YES_AGGRESSIVE;
				CLANG_WARN_UNREACHABLE_CODE = YES;
				CLANG_WARN__DUPLICATE_METHOD_MATCH = YES;
				CODE_SIGN_IDENTITY = "iPhone Developer";
				COPY_PHASE_STRIP = NO;
				DEBUG_INFORMATION_FORMAT = "dwarf-with-dsym";
				ENABLE_NS_ASSERTIONS = NO;
				ENABLE_STRICT_OBJC_MSGSEND = YES;
				GCC_C_LANGUAGE_STANDARD = gnu11;
				GCC_NO_COMMON_BLOCKS = YES;
				GCC_WARN_64_TO_32_BIT_CONVERSION = YES;
				GCC_WARN_ABOUT_RETURN_TYPE = YES_ERROR;
				GCC_WARN_UNDECLARED_SELECTOR = YES;
				GCC_WARN_UNINITIALIZED_AUTOS = YES_AGGRESSIVE;
				GCC_WARN_UNUSED_FUNCTION = YES;
				GCC_WARN_UNUSED_VARIABLE = YES;
				IPHONEOS_DEPLOYMENT_TARGET = 12.1;
				MTL_ENABLE_DEBUG_INFO = NO;
				MTL_FAST_MATH = YES;
				SDKROOT = iphoneos;
				SWIFT_COMPILATION_MODE = wholemodule;
				SWIFT_OPTIMIZATION_LEVEL = "-O";
				VALIDATE_PRODUCT = YES;
			};
			name = Release;
		};
		A7880FCA223946E60095D54A /* Debug */ = {
			isa = XCBuildConfiguration;
			buildSettings = {
				ASSETCATALOG_COMPILER_APPICON_NAME = AppIcon;
				CODE_SIGN_IDENTITY = "iPhone Developer";
				CODE_SIGN_STYLE = Automatic;
				DEVELOPMENT_TEAM = "";
				INFOPLIST_FILE = LiquidFishInterview/Info.plist;
				LD_RUNPATH_SEARCH_PATHS = (
					"$(inherited)",
					"@executable_path/Frameworks",
				);
				PRODUCT_BUNDLE_IDENTIFIER = org.votaw.LiquidFishInterview;
				PRODUCT_NAME = "$(TARGET_NAME)";
				PROVISIONING_PROFILE_SPECIFIER = "";
				SWIFT_VERSION = 4.2;
				TARGETED_DEVICE_FAMILY = "1,2";
			};
			name = Debug;
		};
		A7880FCB223946E60095D54A /* Release */ = {
			isa = XCBuildConfiguration;
			buildSettings = {
				ASSETCATALOG_COMPILER_APPICON_NAME = AppIcon;
				CODE_SIGN_IDENTITY = "iPhone Developer";
				CODE_SIGN_STYLE = Automatic;
				DEVELOPMENT_TEAM = "";
				INFOPLIST_FILE = LiquidFishInterview/Info.plist;
				LD_RUNPATH_SEARCH_PATHS = (
					"$(inherited)",
					"@executable_path/Frameworks",
				);
				PRODUCT_BUNDLE_IDENTIFIER = org.votaw.LiquidFishInterview;
				PRODUCT_NAME = "$(TARGET_NAME)";
				PROVISIONING_PROFILE_SPECIFIER = "";
				SWIFT_VERSION = 4.2;
				TARGETED_DEVICE_FAMILY = "1,2";
			};
			name = Release;
		};
/* End XCBuildConfiguration section */

/* Begin XCConfigurationList section */
		A7880FB2223946E40095D54A /* Build configuration list for PBXProject "LiquidFishInterview" */ = {
			isa = XCConfigurationList;
			buildConfigurations = (
				A7880FC7223946E60095D54A /* Debug */,
				A7880FC8223946E60095D54A /* Release */,
			);
			defaultConfigurationIsVisible = 0;
			defaultConfigurationName = Release;
		};
		A7880FC9223946E60095D54A /* Build configuration list for PBXNativeTarget "LiquidFishInterview" */ = {
			isa = XCConfigurationList;
			buildConfigurations = (
				A7880FCA223946E60095D54A /* Debug */,
				A7880FCB223946E60095D54A /* Release */,
			);
			defaultConfigurationIsVisible = 0;
			defaultConfigurationName = Release;
		};
/* End XCConfigurationList section */
	};
	rootObject = A7880FAF223946E40095D54A /* Project object */;
}
